// !$*UTF8*$!
{
	archiveVersion = 1;
	classes = {
	};
	objectVersion = 46;
	objects = {

/* Begin PBXBuildFile section */
		4C58387D2036F63E00BF8BFB /* Ola.framework in Embed Frameworks */ = {isa = PBXBuildFile; fileRef = 4C58387C2036F63E00BF8BFB /* Ola.framework */; settings = {ATTRIBUTES = (CodeSignOnCopy, RemoveHeadersOnCopy, ); }; };
		4C9373E31A5087C600FFD5D3 /* AppDelegate.swift in Sources */ = {isa = PBXBuildFile; fileRef = 4C9373E21A5087C600FFD5D3 /* AppDelegate.swift */; };
		4C9373E51A5087C600FFD5D3 /* ViewController.swift in Sources */ = {isa = PBXBuildFile; fileRef = 4C9373E41A5087C600FFD5D3 /* ViewController.swift */; };
		4C9373E81A5087C600FFD5D3 /* Main.storyboard in Resources */ = {isa = PBXBuildFile; fileRef = 4C9373E61A5087C600FFD5D3 /* Main.storyboard */; };
		4C9373EA1A5087C600FFD5D3 /* Images.xcassets in Resources */ = {isa = PBXBuildFile; fileRef = 4C9373E91A5087C600FFD5D3 /* Images.xcassets */; };
		4C9373ED1A5087C600FFD5D3 /* LaunchScreen.xib in Resources */ = {isa = PBXBuildFile; fileRef = 4C9373EB1A5087C600FFD5D3 /* LaunchScreen.xib */; };
		4C9373F91A5087C700FFD5D3 /* exampleTests.swift in Sources */ = {isa = PBXBuildFile; fileRef = 4C9373F81A5087C700FFD5D3 /* exampleTests.swift */; };
		4C9374151A51C24F00FFD5D3 /* Example.swift in Sources */ = {isa = PBXBuildFile; fileRef = 4C9374141A51C24F00FFD5D3 /* Example.swift */; };
/* End PBXBuildFile section */

/* Begin PBXContainerItemProxy section */
		4C9373F31A5087C700FFD5D3 /* PBXContainerItemProxy */ = {
			isa = PBXContainerItemProxy;
			containerPortal = 4C9373D51A5087C600FFD5D3 /* Project object */;
			proxyType = 1;
			remoteGlobalIDString = 4C9373DC1A5087C600FFD5D3;
			remoteInfo = example;
		};
/* End PBXContainerItemProxy section */

/* Begin PBXCopyFilesBuildPhase section */
		4C93741D1A52B56100FFD5D3 /* Embed Frameworks */ = {
			isa = PBXCopyFilesBuildPhase;
			buildActionMask = 2147483647;
			dstPath = "";
			dstSubfolderSpec = 10;
			files = (
				4C58387D2036F63E00BF8BFB /* Ola.framework in Embed Frameworks */,
			);
			name = "Embed Frameworks";
			runOnlyForDeploymentPostprocessing = 0;
		};
/* End PBXCopyFilesBuildPhase section */

/* Begin PBXFileReference section */
		4C58387C2036F63E00BF8BFB /* Ola.framework */ = {isa = PBXFileReference; lastKnownFileType = wrapper.framework; name = Ola.framework; path = "../../../Library/Developer/Xcode/DerivedData/ola-bffjpztqopltlrektznmslfxnqtl/Build/Products/Debug-iphoneos/Ola.framework"; sourceTree = "<group>"; };
		4C9373DD1A5087C600FFD5D3 /* example.app */ = {isa = PBXFileReference; explicitFileType = wrapper.application; includeInIndex = 0; path = example.app; sourceTree = BUILT_PRODUCTS_DIR; };
		4C9373E11A5087C600FFD5D3 /* Info.plist */ = {isa = PBXFileReference; lastKnownFileType = text.plist.xml; path = Info.plist; sourceTree = "<group>"; };
		4C9373E21A5087C600FFD5D3 /* AppDelegate.swift */ = {isa = PBXFileReference; lastKnownFileType = sourcecode.swift; path = AppDelegate.swift; sourceTree = "<group>"; };
		4C9373E41A5087C600FFD5D3 /* ViewController.swift */ = {isa = PBXFileReference; lastKnownFileType = sourcecode.swift; path = ViewController.swift; sourceTree = "<group>"; };
		4C9373E71A5087C600FFD5D3 /* Base */ = {isa = PBXFileReference; lastKnownFileType = file.storyboard; name = Base; path = Base.lproj/Main.storyboard; sourceTree = "<group>"; };
		4C9373E91A5087C600FFD5D3 /* Images.xcassets */ = {isa = PBXFileReference; lastKnownFileType = folder.assetcatalog; path = Images.xcassets; sourceTree = "<group>"; };
		4C9373EC1A5087C600FFD5D3 /* Base */ = {isa = PBXFileReference; lastKnownFileType = file.xib; name = Base; path = Base.lproj/LaunchScreen.xib; sourceTree = "<group>"; };
		4C9373F21A5087C700FFD5D3 /* exampleTests.xctest */ = {isa = PBXFileReference; explicitFileType = wrapper.cfbundle; includeInIndex = 0; path = exampleTests.xctest; sourceTree = BUILT_PRODUCTS_DIR; };
		4C9373F71A5087C700FFD5D3 /* Info.plist */ = {isa = PBXFileReference; lastKnownFileType = text.plist.xml; path = Info.plist; sourceTree = "<group>"; };
		4C9373F81A5087C700FFD5D3 /* exampleTests.swift */ = {isa = PBXFileReference; lastKnownFileType = sourcecode.swift; path = exampleTests.swift; sourceTree = "<group>"; };
		4C9374141A51C24F00FFD5D3 /* Example.swift */ = {isa = PBXFileReference; fileEncoding = 4; lastKnownFileType = sourcecode.swift; path = Example.swift; sourceTree = "<group>"; };
		4E3537F51DA1165D002C4B13 /* Ola.framework */ = {isa = PBXFileReference; lastKnownFileType = wrapper.framework; name = Ola.framework; path = "../../../Library/Developer/Xcode/DerivedData/olawork-efqcwnfndypgrcefnyuczehsigye/Build/Products/Debug-iphonesimulator/Ola.framework"; sourceTree = "<group>"; };
/* End PBXFileReference section */

/* Begin PBXFrameworksBuildPhase section */
		4C9373DA1A5087C600FFD5D3 /* Frameworks */ = {
			isa = PBXFrameworksBuildPhase;
			buildActionMask = 2147483647;
			files = (
			);
			runOnlyForDeploymentPostprocessing = 0;
		};
		4C9373EF1A5087C700FFD5D3 /* Frameworks */ = {
			isa = PBXFrameworksBuildPhase;
			buildActionMask = 2147483647;
			files = (
			);
			runOnlyForDeploymentPostprocessing = 0;
		};
/* End PBXFrameworksBuildPhase section */

/* Begin PBXGroup section */
		4C9373D41A5087C600FFD5D3 = {
			isa = PBXGroup;
			children = (
				4C58387C2036F63E00BF8BFB /* Ola.framework */,
				4C9373DF1A5087C600FFD5D3 /* example */,
				4C9373F51A5087C700FFD5D3 /* exampleTests */,
				4C9373DE1A5087C600FFD5D3 /* Products */,
				4E3537F41DA1165D002C4B13 /* Frameworks */,
			);
			sourceTree = "<group>";
		};
		4C9373DE1A5087C600FFD5D3 /* Products */ = {
			isa = PBXGroup;
			children = (
				4C9373DD1A5087C600FFD5D3 /* example.app */,
				4C9373F21A5087C700FFD5D3 /* exampleTests.xctest */,
			);
			name = Products;
			sourceTree = "<group>";
		};
		4C9373DF1A5087C600FFD5D3 /* example */ = {
			isa = PBXGroup;
			children = (
				4C9373E21A5087C600FFD5D3 /* AppDelegate.swift */,
				4C9373E41A5087C600FFD5D3 /* ViewController.swift */,
				4C9374141A51C24F00FFD5D3 /* Example.swift */,
				4C9373E61A5087C600FFD5D3 /* Main.storyboard */,
				4C9373E91A5087C600FFD5D3 /* Images.xcassets */,
				4C9373EB1A5087C600FFD5D3 /* LaunchScreen.xib */,
				4C9373E01A5087C600FFD5D3 /* Supporting Files */,
			);
			path = example;
			sourceTree = "<group>";
		};
		4C9373E01A5087C600FFD5D3 /* Supporting Files */ = {
			isa = PBXGroup;
			children = (
				4C9373E11A5087C600FFD5D3 /* Info.plist */,
			);
			name = "Supporting Files";
			sourceTree = "<group>";
		};
		4C9373F51A5087C700FFD5D3 /* exampleTests */ = {
			isa = PBXGroup;
			children = (
				4C9373F81A5087C700FFD5D3 /* exampleTests.swift */,
				4C9373F61A5087C700FFD5D3 /* Supporting Files */,
			);
			path = exampleTests;
			sourceTree = "<group>";
		};
		4C9373F61A5087C700FFD5D3 /* Supporting Files */ = {
			isa = PBXGroup;
			children = (
				4C9373F71A5087C700FFD5D3 /* Info.plist */,
			);
			name = "Supporting Files";
			sourceTree = "<group>";
		};
		4E3537F41DA1165D002C4B13 /* Frameworks */ = {
			isa = PBXGroup;
			children = (
				4E3537F51DA1165D002C4B13 /* Ola.framework */,
			);
			name = Frameworks;
			sourceTree = "<group>";
		};
/* End PBXGroup section */

/* Begin PBXNativeTarget section */
		4C9373DC1A5087C600FFD5D3 /* example */ = {
			isa = PBXNativeTarget;
			buildConfigurationList = 4C9373FC1A5087C700FFD5D3 /* Build configuration list for PBXNativeTarget "example" */;
			buildPhases = (
				4C9373D91A5087C600FFD5D3 /* Sources */,
				4C9373DA1A5087C600FFD5D3 /* Frameworks */,
				4C9373DB1A5087C600FFD5D3 /* Resources */,
				4C93741D1A52B56100FFD5D3 /* Embed Frameworks */,
			);
			buildRules = (
			);
			dependencies = (
			);
			name = example;
			productName = example;
			productReference = 4C9373DD1A5087C600FFD5D3 /* example.app */;
			productType = "com.apple.product-type.application";
		};
		4C9373F11A5087C700FFD5D3 /* exampleTests */ = {
			isa = PBXNativeTarget;
			buildConfigurationList = 4C9373FF1A5087C700FFD5D3 /* Build configuration list for PBXNativeTarget "exampleTests" */;
			buildPhases = (
				4C9373EE1A5087C700FFD5D3 /* Sources */,
				4C9373EF1A5087C700FFD5D3 /* Frameworks */,
				4C9373F01A5087C700FFD5D3 /* Resources */,
			);
			buildRules = (
			);
			dependencies = (
				4C9373F41A5087C700FFD5D3 /* PBXTargetDependency */,
			);
			name = exampleTests;
			productName = exampleTests;
			productReference = 4C9373F21A5087C700FFD5D3 /* exampleTests.xctest */;
			productType = "com.apple.product-type.bundle.unit-test";
		};
/* End PBXNativeTarget section */

/* Begin PBXProject section */
		4C9373D51A5087C600FFD5D3 /* Project object */ = {
			isa = PBXProject;
			attributes = {
				LastSwiftMigration = 0700;
				LastSwiftUpdateCheck = 0700;
				LastUpgradeCheck = 0900;
				ORGANIZATIONNAME = "Michael Nisi";
				TargetAttributes = {
					4C9373DC1A5087C600FFD5D3 = {
						CreatedOnToolsVersion = 6.1.1;
						LastSwiftMigration = 0800;
					};
					4C9373F11A5087C700FFD5D3 = {
						CreatedOnToolsVersion = 6.1.1;
						LastSwiftMigration = 0800;
						TestTargetID = 4C9373DC1A5087C600FFD5D3;
					};
				};
			};
			buildConfigurationList = 4C9373D81A5087C600FFD5D3 /* Build configuration list for PBXProject "example" */;
			compatibilityVersion = "Xcode 3.2";
			developmentRegion = English;
			hasScannedForEncodings = 0;
			knownRegions = (
				en,
				Base,
			);
			mainGroup = 4C9373D41A5087C600FFD5D3;
			productRefGroup = 4C9373DE1A5087C600FFD5D3 /* Products */;
			projectDirPath = "";
			projectRoot = "";
			targets = (
				4C9373DC1A5087C600FFD5D3 /* example */,
				4C9373F11A5087C700FFD5D3 /* exampleTests */,
			);
		};
/* End PBXProject section */

/* Begin PBXResourcesBuildPhase section */
		4C9373DB1A5087C600FFD5D3 /* Resources */ = {
			isa = PBXResourcesBuildPhase;
			buildActionMask = 2147483647;
			files = (
				4C9373E81A5087C600FFD5D3 /* Main.storyboard in Resources */,
				4C9373ED1A5087C600FFD5D3 /* LaunchScreen.xib in Resources */,
				4C9373EA1A5087C600FFD5D3 /* Images.xcassets in Resources */,
			);
			runOnlyForDeploymentPostprocessing = 0;
		};
		4C9373F01A5087C700FFD5D3 /* Resources */ = {
			isa = PBXResourcesBuildPhase;
			buildActionMask = 2147483647;
			files = (
			);
			runOnlyForDeploymentPostprocessing = 0;
		};
/* End PBXResourcesBuildPhase section */

/* Begin PBXSourcesBuildPhase section */
		4C9373D91A5087C600FFD5D3 /* Sources */ = {
			isa = PBXSourcesBuildPhase;
			buildActionMask = 2147483647;
			files = (
				4C9374151A51C24F00FFD5D3 /* Example.swift in Sources */,
				4C9373E51A5087C600FFD5D3 /* ViewController.swift in Sources */,
				4C9373E31A5087C600FFD5D3 /* AppDelegate.swift in Sources */,
			);
			runOnlyForDeploymentPostprocessing = 0;
		};
		4C9373EE1A5087C700FFD5D3 /* Sources */ = {
			isa = PBXSourcesBuildPhase;
			buildActionMask = 2147483647;
			files = (
				4C9373F91A5087C700FFD5D3 /* exampleTests.swift in Sources */,
			);
			runOnlyForDeploymentPostprocessing = 0;
		};
/* End PBXSourcesBuildPhase section */

/* Begin PBXTargetDependency section */
		4C9373F41A5087C700FFD5D3 /* PBXTargetDependency */ = {
			isa = PBXTargetDependency;
			target = 4C9373DC1A5087C600FFD5D3 /* example */;
			targetProxy = 4C9373F31A5087C700FFD5D3 /* PBXContainerItemProxy */;
		};
/* End PBXTargetDependency section */

/* Begin PBXVariantGroup section */
		4C9373E61A5087C600FFD5D3 /* Main.storyboard */ = {
			isa = PBXVariantGroup;
			children = (
				4C9373E71A5087C600FFD5D3 /* Base */,
			);
			name = Main.storyboard;
			sourceTree = "<group>";
		};
		4C9373EB1A5087C600FFD5D3 /* LaunchScreen.xib */ = {
			isa = PBXVariantGroup;
			children = (
				4C9373EC1A5087C600FFD5D3 /* Base */,
			);
			name = LaunchScreen.xib;
			sourceTree = "<group>";
		};
/* End PBXVariantGroup section */

/* Begin XCBuildConfiguration section */
		4C9373FA1A5087C700FFD5D3 /* Debug */ = {
			isa = XCBuildConfiguration;
			buildSettings = {
				ALWAYS_SEARCH_USER_PATHS = NO;
				CLANG_CXX_LANGUAGE_STANDARD = "gnu++0x";
				CLANG_CXX_LIBRARY = "libc++";
				CLANG_ENABLE_MODULES = YES;
				CLANG_ENABLE_OBJC_ARC = YES;
				CLANG_WARN_BLOCK_CAPTURE_AUTORELEASING = YES;
				CLANG_WARN_BOOL_CONVERSION = YES;
				CLANG_WARN_COMMA = YES;
				CLANG_WARN_CONSTANT_CONVERSION = YES;
				CLANG_WARN_DIRECT_OBJC_ISA_USAGE = YES_ERROR;
				CLANG_WARN_EMPTY_BODY = YES;
				CLANG_WARN_ENUM_CONVERSION = YES;
				CLANG_WARN_INFINITE_RECURSION = YES;
				CLANG_WARN_INT_CONVERSION = YES;
				CLANG_WARN_NON_LITERAL_NULL_CONVERSION = YES;
				CLANG_WARN_OBJC_LITERAL_CONVERSION = YES;
				CLANG_WARN_OBJC_ROOT_CLASS = YES_ERROR;
				CLANG_WARN_RANGE_LOOP_ANALYSIS = YES;
				CLANG_WARN_STRICT_PROTOTYPES = YES;
				CLANG_WARN_SUSPICIOUS_MOVE = YES;
				CLANG_WARN_UNREACHABLE_CODE = YES;
				CLANG_WARN__DUPLICATE_METHOD_MATCH = YES;
				"CODE_SIGN_IDENTITY[sdk=iphoneos*]" = "iPhone Developer";
				COPY_PHASE_STRIP = NO;
				ENABLE_STRICT_OBJC_MSGSEND = YES;
				ENABLE_TESTABILITY = YES;
				GCC_C_LANGUAGE_STANDARD = gnu99;
				GCC_DYNAMIC_NO_PIC = NO;
				GCC_NO_COMMON_BLOCKS = YES;
				GCC_OPTIMIZATION_LEVEL = 0;
				GCC_PREPROCESSOR_DEFINITIONS = (
					"DEBUG=1",
					"$(inherited)",
				);
				GCC_SYMBOLS_PRIVATE_EXTERN = NO;
				GCC_WARN_64_TO_32_BIT_CONVERSION = YES;
				GCC_WARN_ABOUT_RETURN_TYPE = YES_ERROR;
				GCC_WARN_UNDECLARED_SELECTOR = YES;
				GCC_WARN_UNINITIALIZED_AUTOS = YES_AGGRESSIVE;
				GCC_WARN_UNUSED_FUNCTION = YES;
				GCC_WARN_UNUSED_VARIABLE = YES;
				IPHONEOS_DEPLOYMENT_TARGET = 9.0;
				MTL_ENABLE_DEBUG_INFO = YES;
				ONLY_ACTIVE_ARCH = YES;
				SDKROOT = iphoneos;
				SWIFT_OPTIMIZATION_LEVEL = "-Onone";
				SWIFT_VERSION = 4.0;
			};
			name = Debug;
		};
		4C9373FB1A5087C700FFD5D3 /* Release */ = {
			isa = XCBuildConfiguration;
			buildSettings = {
				ALWAYS_SEARCH_USER_PATHS = NO;
				CLANG_CXX_LANGUAGE_STANDARD = "gnu++0x";
				CLANG_CXX_LIBRARY = "libc++";
				CLANG_ENABLE_MODULES = YES;
				CLANG_ENABLE_OBJC_ARC = YES;
				CLANG_WARN_BLOCK_CAPTURE_AUTORELEASING = YES;
				CLANG_WARN_BOOL_CONVERSION = YES;
				CLANG_WARN_COMMA = YES;
				CLANG_WARN_CONSTANT_CONVERSION = YES;
				CLANG_WARN_DIRECT_OBJC_ISA_USAGE = YES_ERROR;
				CLANG_WARN_EMPTY_BODY = YES;
				CLANG_WARN_ENUM_CONVERSION = YES;
				CLANG_WARN_INFINITE_RECURSION = YES;
				CLANG_WARN_INT_CONVERSION = YES;
				CLANG_WARN_NON_LITERAL_NULL_CONVERSION = YES;
				CLANG_WARN_OBJC_LITERAL_CONVERSION = YES;
				CLANG_WARN_OBJC_ROOT_CLASS = YES_ERROR;
				CLANG_WARN_RANGE_LOOP_ANALYSIS = YES;
				CLANG_WARN_STRICT_PROTOTYPES = YES;
				CLANG_WARN_SUSPICIOUS_MOVE = YES;
				CLANG_WARN_UNREACHABLE_CODE = YES;
				CLANG_WARN__DUPLICATE_METHOD_MATCH = YES;
				"CODE_SIGN_IDENTITY[sdk=iphoneos*]" = "iPhone Developer";
				COPY_PHASE_STRIP = YES;
				ENABLE_NS_ASSERTIONS = NO;
				ENABLE_STRICT_OBJC_MSGSEND = YES;
				GCC_C_LANGUAGE_STANDARD = gnu99;
				GCC_NO_COMMON_BLOCKS = YES;
				GCC_WARN_64_TO_32_BIT_CONVERSION = YES;
				GCC_WARN_ABOUT_RETURN_TYPE = YES_ERROR;
				GCC_WARN_UNDECLARED_SELECTOR = YES;
				GCC_WARN_UNINITIALIZED_AUTOS = YES_AGGRESSIVE;
				GCC_WARN_UNUSED_FUNCTION = YES;
				GCC_WARN_UNUSED_VARIABLE = YES;
				IPHONEOS_DEPLOYMENT_TARGET = 9.0;
				MTL_ENABLE_DEBUG_INFO = NO;
				SDKROOT = iphoneos;
				SWIFT_OPTIMIZATION_LEVEL = "-Owholemodule";
				SWIFT_VERSION = 4.0;
				VALIDATE_PRODUCT = YES;
			};
			name = Release;
		};
		4C9373FD1A5087C700FFD5D3 /* Debug */ = {
			isa = XCBuildConfiguration;
			buildSettings = {
				ASSETCATALOG_COMPILER_APPICON_NAME = AppIcon;
				CODE_SIGN_IDENTITY = "iPhone Developer";
				"CODE_SIGN_IDENTITY[sdk=iphoneos*]" = "iPhone Developer";
				DEVELOPMENT_TEAM = "";
				FRAMEWORK_SEARCH_PATHS = "$(inherited)";
				INFOPLIST_FILE = example/Info.plist;
				IPHONEOS_DEPLOYMENT_TARGET = 9.0;
				LD_RUNPATH_SEARCH_PATHS = "$(inherited) @executable_path/Frameworks";
				PRODUCT_BUNDLE_IDENTIFIER = ink.codes.ola.example;
				PRODUCT_NAME = "$(TARGET_NAME)";
				PROVISIONING_PROFILE = "";
			};
			name = Debug;
		};
		4C9373FE1A5087C700FFD5D3 /* Release */ = {
			isa = XCBuildConfiguration;
			buildSettings = {
				ASSETCATALOG_COMPILER_APPICON_NAME = AppIcon;
				CODE_SIGN_IDENTITY = "iPhone Developer";
				"CODE_SIGN_IDENTITY[sdk=iphoneos*]" = "iPhone Developer";
				DEVELOPMENT_TEAM = "";
				FRAMEWORK_SEARCH_PATHS = "$(inherited)";
				INFOPLIST_FILE = example/Info.plist;
				IPHONEOS_DEPLOYMENT_TARGET = 9.0;
				LD_RUNPATH_SEARCH_PATHS = "$(inherited) @executable_path/Frameworks";
				PRODUCT_BUNDLE_IDENTIFIER = ink.codes.ola.example;
				PRODUCT_NAME = "$(TARGET_NAME)";
				PROVISIONING_PROFILE = "";
			};
			name = Release;
		};
		4C9374001A5087C700FFD5D3 /* Debug */ = {
			isa = XCBuildConfiguration;
			buildSettings = {
				BUNDLE_LOADER = "$(TEST_HOST)";
				FRAMEWORK_SEARCH_PATHS = (
					"$(SDKROOT)/Developer/Library/Frameworks",
					"$(inherited)",
				);
				GCC_PREPROCESSOR_DEFINITIONS = (
					"DEBUG=1",
					"$(inherited)",
				);
				INFOPLIST_FILE = exampleTests/Info.plist;
				LD_RUNPATH_SEARCH_PATHS = "$(inherited) @executable_path/Frameworks @loader_path/Frameworks";
				PRODUCT_BUNDLE_IDENTIFIER = "com.michaelnisi.$(PRODUCT_NAME:rfc1034identifier)";
				PRODUCT_NAME = "$(TARGET_NAME)";
				TEST_HOST = "$(BUILT_PRODUCTS_DIR)/example.app/example";
			};
			name = Debug;
		};
		4C9374011A5087C700FFD5D3 /* Release */ = {
			isa = XCBuildConfiguration;
			buildSettings = {
				BUNDLE_LOADER = "$(TEST_HOST)";
				FRAMEWORK_SEARCH_PATHS = (
					"$(SDKROOT)/Developer/Library/Frameworks",
					"$(inherited)",
				);
				INFOPLIST_FILE = exampleTests/Info.plist;
				LD_RUNPATH_SEARCH_PATHS = "$(inherited) @executable_path/Frameworks @loader_path/Frameworks";
				PRODUCT_BUNDLE_IDENTIFIER = "com.michaelnisi.$(PRODUCT_NAME:rfc1034identifier)";
				PRODUCT_NAME = "$(TARGET_NAME)";
				TEST_HOST = "$(BUILT_PRODUCTS_DIR)/example.app/example";
			};
			name = Release;
		};
/* End XCBuildConfiguration section */

/* Begin XCConfigurationList section */
		4C9373D81A5087C600FFD5D3 /* Build configuration list for PBXProject "example" */ = {
			isa = XCConfigurationList;
			buildConfigurations = (
				4C9373FA1A5087C700FFD5D3 /* Debug */,
				4C9373FB1A5087C700FFD5D3 /* Release */,
			);
			defaultConfigurationIsVisible = 0;
			defaultConfigurationName = Release;
		};
		4C9373FC1A5087C700FFD5D3 /* Build configuration list for PBXNativeTarget "example" */ = {
			isa = XCConfigurationList;
			buildConfigurations = (
				4C9373FD1A5087C700FFD5D3 /* Debug */,
				4C9373FE1A5087C700FFD5D3 /* Release */,
			);
			defaultConfigurationIsVisible = 0;
			defaultConfigurationName = Release;
		};
		4C9373FF1A5087C700FFD5D3 /* Build configuration list for PBXNativeTarget "exampleTests" */ = {
			isa = XCConfigurationList;
			buildConfigurations = (
				4C9374001A5087C700FFD5D3 /* Debug */,
				4C9374011A5087C700FFD5D3 /* Release */,
			);
			defaultConfigurationIsVisible = 0;
			defaultConfigurationName = Release;
		};
/* End XCConfigurationList section */
	};
	rootObject = 4C9373D51A5087C600FFD5D3 /* Project object */;
}
